
Microsoft Visual Studio Solution File, Format Version 12.00
# Visual Studio Version 17
VisualStudioVersion = 17.9.34622.214
MinimumVisualStudioVersion = 10.0.40219.1
Project("{FAE04EC0-301F-11D3-BF4B-00C04F79EFBC}") = "SQLiteApp", "SQLiteApp\SQLiteApp.csproj", "{74EBBC1B-849D-4C20-9364-E63E1D73F429}"
EndProject
Global
	GlobalSection(SolutionConfigurationPlatforms) = preSolution
		Debug|Any CPU = Debug|Any CPU
		Release|Any CPU = Release|Any CPU
	EndGlobalSection
	GlobalSection(ProjectConfigurationPlatforms) = postSolution
		{74EBBC1B-849D-4C20-9364-E63E1D73F429}.Debug|Any CPU.ActiveCfg = Debug|Any CPU
		{74EBBC1B-849D-4C20-9364-E63E1D73F429}.Debug|Any CPU.Build.0 = Debug|Any CPU
		{74EBBC1B-849D-4C20-9364-E63E1D73F429}.Debug|Any CPU.Deploy.0 = Debug|Any CPU
		{74EBBC1B-849D-4C20-9364-E63E1D73F429}.Release|Any CPU.ActiveCfg = Release|Any CPU
		{74EBBC1B-849D-4C20-9364-E63E1D73F429}.Release|Any CPU.Build.0 = Release|Any CPU
		{74EBBC1B-849D-4C20-9364-E63E1D73F429}.Release|Any CPU.Deploy.0 = Release|Any CPU
	EndGlobalSection
	GlobalSection(SolutionProperties) = preSolution
		HideSolutionNode = FALSE
	EndGlobalSection
	GlobalSection(ExtensibilityGlobals) = postSolution
		SolutionGuid = {A098DA92-A496-4484-A087-F920E8595AFC}
	EndGlobalSection
EndGlobal
